
Microsoft Visual Studio Solution File, Format Version 12.00
# Visual Studio Version 16
VisualStudioVersion = 16.0.29306.81
MinimumVisualStudioVersion = 10.0.40219.1
Project("{9A19103F-16F7-4668-BE54-9A1E7A4F7556}") = "UnoSharp", "UnoSharp\UnoSharp.csproj", "{98E6F5EC-830F-49CA-9AD3-D028343A9D25}"
EndProject
Project("{FAE04EC0-301F-11D3-BF4B-00C04F79EFBC}") = "UnoSharpTests", "UnoSharpTests\UnoSharpTests.csproj", "{3C830BA5-D0CF-4AA7-A1F6-77DD5B3049F8}"
EndProject
Global
	GlobalSection(SolutionConfigurationPlatforms) = preSolution
		Debug|Any CPU = Debug|Any CPU
		Release|Any CPU = Release|Any CPU
	EndGlobalSection
	GlobalSection(ProjectConfigurationPlatforms) = postSolution
		{98E6F5EC-830F-49CA-9AD3-D028343A9D25}.Debug|Any CPU.ActiveCfg = Debug|Any CPU
		{98E6F5EC-830F-49CA-9AD3-D028343A9D25}.Debug|Any CPU.Build.0 = Debug|Any CPU
		{98E6F5EC-830F-49CA-9AD3-D028343A9D25}.Release|Any CPU.ActiveCfg = Release|Any CPU
		{98E6F5EC-830F-49CA-9AD3-D028343A9D25}.Release|Any CPU.Build.0 = Release|Any CPU
		{3C830BA5-D0CF-4AA7-A1F6-77DD5B3049F8}.Debug|Any CPU.ActiveCfg = Debug|Any CPU
		{3C830BA5-D0CF-4AA7-A1F6-77DD5B3049F8}.Debug|Any CPU.Build.0 = Debug|Any CPU
		{3C830BA5-D0CF-4AA7-A1F6-77DD5B3049F8}.Release|Any CPU.ActiveCfg = Release|Any CPU
		{3C830BA5-D0CF-4AA7-A1F6-77DD5B3049F8}.Release|Any CPU.Build.0 = Release|Any CPU
	EndGlobalSection
	GlobalSection(SolutionProperties) = preSolution
		HideSolutionNode = FALSE
	EndGlobalSection
	GlobalSection(ExtensibilityGlobals) = postSolution
		SolutionGuid = {7534EA45-F8AF-4B9E-ABB2-D49A35971D17}
	EndGlobalSection
EndGlobal
